
Microsoft Visual Studio Solution File, Format Version 12.00
# Visual Studio Version 17
VisualStudioVersion = 17.9.34728.123
MinimumVisualStudioVersion = 10.0.40219.1
Project("{8BC9CEB8-8B4A-11D0-8D11-00A0C91BC942}") = "trivial_storage", "trivial_storage.vcxproj", "{CE5E876F-5739-4184-A09A-9D0A23E41188}"
EndProject
Global
	GlobalSection(SolutionConfigurationPlatforms) = preSolution
		Debug|x64 = Debug|x64
		Debug|x86 = Debug|x86
		Release|x64 = Release|x64
		Release|x86 = Release|x86
	EndGlobalSection
	GlobalSection(ProjectConfigurationPlatforms) = postSolution
		{CE5E876F-5739-4184-A09A-9D0A23E41188}.Debug|x64.ActiveCfg = Debug|x64
		{CE5E876F-5739-4184-A09A-9D0A23E41188}.Debug|x64.Build.0 = Debug|x64
		{CE5E876F-5739-4184-A09A-9D0A23E41188}.Debug|x86.ActiveCfg = Debug|Win32
		{CE5E876F-5739-4184-A09A-9D0A23E41188}.Debug|x86.Build.0 = Debug|Win32
		{CE5E876F-5739-4184-A09A-9D0A23E41188}.Release|x64.ActiveCfg = Release|x64
		{CE5E876F-5739-4184-A09A-9D0A23E41188}.Release|x64.Build.0 = Release|x64
		{CE5E876F-5739-4184-A09A-9D0A23E41188}.Release|x86.ActiveCfg = Release|Win32
		{CE5E876F-5739-4184-A09A-9D0A23E41188}.Release|x86.Build.0 = Release|Win32
	EndGlobalSection
	GlobalSection(SolutionProperties) = preSolution
		HideSolutionNode = FALSE
	EndGlobalSection
	GlobalSection(ExtensibilityGlobals) = postSolution
		SolutionGuid = {F9617D33-1E47-4A0A-809E-6B4EED635767}
	EndGlobalSection
EndGlobal
